
Microsoft Visual Studio Solution File, Format Version 12.00
# Visual Studio Version 16
VisualStudioVersion = 16.0.30002.166
MinimumVisualStudioVersion = 10.0.40219.1
Project("{FAE04EC0-301F-11D3-BF4B-00C04F79EFBC}") = "ilikeswitch", "ilikeswitch\ilikeswitch.csproj", "{AAA4B35D-FFC8-466A-BF21-F1F1AFA868DB}"
EndProject
Global
	GlobalSection(SolutionConfigurationPlatforms) = preSolution
		Debug|Any CPU = Debug|Any CPU
		Release|Any CPU = Release|Any CPU
	EndGlobalSection
	GlobalSection(ProjectConfigurationPlatforms) = postSolution
		{AAA4B35D-FFC8-466A-BF21-F1F1AFA868DB}.Debug|Any CPU.ActiveCfg = Debug|Any CPU
		{AAA4B35D-FFC8-466A-BF21-F1F1AFA868DB}.Debug|Any CPU.Build.0 = Debug|Any CPU
		{AAA4B35D-FFC8-466A-BF21-F1F1AFA868DB}.Release|Any CPU.ActiveCfg = Release|Any CPU
		{AAA4B35D-FFC8-466A-BF21-F1F1AFA868DB}.Release|Any CPU.Build.0 = Release|Any CPU
	EndGlobalSection
	GlobalSection(SolutionProperties) = preSolution
		HideSolutionNode = FALSE
	EndGlobalSection
	GlobalSection(ExtensibilityGlobals) = postSolution
		SolutionGuid = {A04E2D2C-85C1-4061-8A2D-5F03E7A6004F}
	EndGlobalSection
EndGlobal
